
Microsoft Visual Studio Solution File, Format Version 12.00
# Visual Studio Version 16
VisualStudioVersion = 16.0.30717.126
MinimumVisualStudioVersion = 10.0.40219.1
Project("{9A19103F-16F7-4668-BE54-9A1E7A4F7556}") = "Ticketing.Client", "Ticketing.Client\Ticketing.Client.csproj", "{CC5CC864-579B-49F3-BB95-250782ECBAD5}"
EndProject
Project("{9A19103F-16F7-4668-BE54-9A1E7A4F7556}") = "Ticketing.Helpers", "Ticketing.Helpers\Ticketing.Helpers.csproj", "{8823160E-17A6-49E1-9BDD-FB316A7986F9}"
EndProject
Project("{9A19103F-16F7-4668-BE54-9A1E7A4F7556}") = "Ticketing.Core", "Ticketing.Core\Ticketing.Core.csproj", "{9A67371D-4291-46AA-9669-27B551266AA7}"
EndProject
Project("{9A19103F-16F7-4668-BE54-9A1E7A4F7556}") = "Ticketing.Core.EF", "Ticketing.Core.EF\Ticketing.Core.EF.csproj", "{C067BFDC-EB0E-4159-B91A-D55C768C24C9}"
EndProject
Project("{9A19103F-16F7-4668-BE54-9A1E7A4F7556}") = "Ticketing.Core.ADONET", "Ticketong.Core.ADONET\Ticketing.Core.ADONET.csproj", "{D6EAAE93-BC6A-4B6F-BDDF-E1D90C3E6260}"
EndProject
Project("{9A19103F-16F7-4668-BE54-9A1E7A4F7556}") = "Ticketing.Core.Mock", "Ticketing.Core.Mock\Ticketing.Core.Mock.csproj", "{A8808B79-EE03-43F0-8DC0-DBF7C6B8B513}"
EndProject
Project("{FAE04EC0-301F-11D3-BF4B-00C04F79EFBC}") = "Ticketing.API", "Ticketing.API\Ticketing.API.csproj", "{E4158465-DF94-4B80-8F43-9F35E68EE549}"
EndProject
Global
	GlobalSection(SolutionConfigurationPlatforms) = preSolution
		Debug|Any CPU = Debug|Any CPU
		Release|Any CPU = Release|Any CPU
	EndGlobalSection
	GlobalSection(ProjectConfigurationPlatforms) = postSolution
		{CC5CC864-579B-49F3-BB95-250782ECBAD5}.Debug|Any CPU.ActiveCfg = Debug|Any CPU
		{CC5CC864-579B-49F3-BB95-250782ECBAD5}.Debug|Any CPU.Build.0 = Debug|Any CPU
		{CC5CC864-579B-49F3-BB95-250782ECBAD5}.Release|Any CPU.ActiveCfg = Release|Any CPU
		{CC5CC864-579B-49F3-BB95-250782ECBAD5}.Release|Any CPU.Build.0 = Release|Any CPU
		{8823160E-17A6-49E1-9BDD-FB316A7986F9}.Debug|Any CPU.ActiveCfg = Debug|Any CPU
		{8823160E-17A6-49E1-9BDD-FB316A7986F9}.Debug|Any CPU.Build.0 = Debug|Any CPU
		{8823160E-17A6-49E1-9BDD-FB316A7986F9}.Release|Any CPU.ActiveCfg = Release|Any CPU
		{8823160E-17A6-49E1-9BDD-FB316A7986F9}.Release|Any CPU.Build.0 = Release|Any CPU
		{9A67371D-4291-46AA-9669-27B551266AA7}.Debug|Any CPU.ActiveCfg = Debug|Any CPU
		{9A67371D-4291-46AA-9669-27B551266AA7}.Debug|Any CPU.Build.0 = Debug|Any CPU
		{9A67371D-4291-46AA-9669-27B551266AA7}.Release|Any CPU.ActiveCfg = Release|Any CPU
		{9A67371D-4291-46AA-9669-27B551266AA7}.Release|Any CPU.Build.0 = Release|Any CPU
		{C067BFDC-EB0E-4159-B91A-D55C768C24C9}.Debug|Any CPU.ActiveCfg = Debug|Any CPU
		{C067BFDC-EB0E-4159-B91A-D55C768C24C9}.Debug|Any CPU.Build.0 = Debug|Any CPU
		{C067BFDC-EB0E-4159-B91A-D55C768C24C9}.Release|Any CPU.ActiveCfg = Release|Any CPU
		{C067BFDC-EB0E-4159-B91A-D55C768C24C9}.Release|Any CPU.Build.0 = Release|Any CPU
		{D6EAAE93-BC6A-4B6F-BDDF-E1D90C3E6260}.Debug|Any CPU.ActiveCfg = Debug|Any CPU
		{D6EAAE93-BC6A-4B6F-BDDF-E1D90C3E6260}.Debug|Any CPU.Build.0 = Debug|Any CPU
		{D6EAAE93-BC6A-4B6F-BDDF-E1D90C3E6260}.Release|Any CPU.ActiveCfg = Release|Any CPU
		{D6EAAE93-BC6A-4B6F-BDDF-E1D90C3E6260}.Release|Any CPU.Build.0 = Release|Any CPU
		{A8808B79-EE03-43F0-8DC0-DBF7C6B8B513}.Debug|Any CPU.ActiveCfg = Debug|Any CPU
		{A8808B79-EE03-43F0-8DC0-DBF7C6B8B513}.Debug|Any CPU.Build.0 = Debug|Any CPU
		{A8808B79-EE03-43F0-8DC0-DBF7C6B8B513}.Release|Any CPU.ActiveCfg = Release|Any CPU
		{A8808B79-EE03-43F0-8DC0-DBF7C6B8B513}.Release|Any CPU.Build.0 = Release|Any CPU
		{E4158465-DF94-4B80-8F43-9F35E68EE549}.Debug|Any CPU.ActiveCfg = Debug|Any CPU
		{E4158465-DF94-4B80-8F43-9F35E68EE549}.Debug|Any CPU.Build.0 = Debug|Any CPU
		{E4158465-DF94-4B80-8F43-9F35E68EE549}.Release|Any CPU.ActiveCfg = Release|Any CPU
		{E4158465-DF94-4B80-8F43-9F35E68EE549}.Release|Any CPU.Build.0 = Release|Any CPU
	EndGlobalSection
	GlobalSection(SolutionProperties) = preSolution
		HideSolutionNode = FALSE
	EndGlobalSection
	GlobalSection(ExtensibilityGlobals) = postSolution
		SolutionGuid = {4CB7E899-3AA3-4EFA-960D-19CE343E4028}
	EndGlobalSection
EndGlobal
